
Microsoft Visual Studio Solution File, Format Version 12.00
# Visual Studio 15
VisualStudioVersion = 15.0.28307.489
MinimumVisualStudioVersion = 10.0.40219.1
Project("{8BC9CEB8-8B4A-11D0-8D11-00A0C91BC942}") = "siP_test", "siP_test\siP_test.vcxproj", "{CEC682BE-358F-470C-9C8C-9BA8E019C1F5}"
EndProject
Global
	GlobalSection(SolutionConfigurationPlatforms) = preSolution
		Debug|x64 = Debug|x64
		Debug|x86 = Debug|x86
		Release|x64 = Release|x64
		Release|x86 = Release|x86
	EndGlobalSection
	GlobalSection(ProjectConfigurationPlatforms) = postSolution
		{CEC682BE-358F-470C-9C8C-9BA8E019C1F5}.Debug|x64.ActiveCfg = Debug|x64
		{CEC682BE-358F-470C-9C8C-9BA8E019C1F5}.Debug|x64.Build.0 = Debug|x64
		{CEC682BE-358F-470C-9C8C-9BA8E019C1F5}.Debug|x86.ActiveCfg = Debug|Win32
		{CEC682BE-358F-470C-9C8C-9BA8E019C1F5}.Debug|x86.Build.0 = Debug|Win32
		{CEC682BE-358F-470C-9C8C-9BA8E019C1F5}.Release|x64.ActiveCfg = Release|x64
		{CEC682BE-358F-470C-9C8C-9BA8E019C1F5}.Release|x64.Build.0 = Release|x64
		{CEC682BE-358F-470C-9C8C-9BA8E019C1F5}.Release|x86.ActiveCfg = Release|Win32
		{CEC682BE-358F-470C-9C8C-9BA8E019C1F5}.Release|x86.Build.0 = Release|Win32
	EndGlobalSection
	GlobalSection(SolutionProperties) = preSolution
		HideSolutionNode = FALSE
	EndGlobalSection
	GlobalSection(ExtensibilityGlobals) = postSolution
		SolutionGuid = {095BA1A8-624D-42CF-8285-556A20A2FA58}
	EndGlobalSection
EndGlobal
